
Microsoft Visual Studio Solution File, Format Version 12.00
# Visual Studio Version 17
VisualStudioVersion = 17.0.31903.59
MinimumVisualStudioVersion = 10.0.40219.1
Project("{2150E333-8FDC-42A3-9474-1A3956D46DE8}") = "src", "src", "{827E0CD3-B72D-47B6-A68D-7590B98EB39B}"
EndProject
Project("{2150E333-8FDC-42A3-9474-1A3956D46DE8}") = "Services", "Services", "{984BB9B3-3FA3-BE33-9484-CAC21695A33C}"
EndProject
Project("{FAE04EC0-301F-11D3-BF4B-00C04F79EFBC}") = "FoxSky.StocksSystem.CoreService", "src\Services\FoxSky.StocksSystem.CoreService\FoxSky.StocksSystem.CoreService.csproj", "{778B6E02-E5D8-41BC-8DCC-FD5BF30273A8}"
EndProject
Project("{2150E333-8FDC-42A3-9474-1A3956D46DE8}") = "Shared", "Shared", "{C8E42992-5E42-0C2B-DBFE-AA848D06431C}"
EndProject
Project("{FAE04EC0-301F-11D3-BF4B-00C04F79EFBC}") = "FoxSky.StocksSystem.StocksProvider", "src\Services\FoxSky.StocksSystem.StocksProvider\FoxSky.StocksSystem.StocksProvider.csproj", "{C18BF55F-3F75-40B7-825D-BF772078D2FE}"
EndProject
Project("{FAE04EC0-301F-11D3-BF4B-00C04F79EFBC}") = "FoxSky.StocksService.SharedServices", "src\Shared\FoxSky.StocksService.SharedServices\FoxSky.StocksService.SharedServices.csproj", "{8A5C10AA-5950-4C8E-A067-E30D0C42FDD7}"
EndProject
Project("{FAE04EC0-301F-11D3-BF4B-00C04F79EFBC}") = "FoxSky.StocksSystem.Accountancy", "src\Services\FoxSky.StocksSystem.Accountancy\FoxSky.StocksSystem.Accountancy.csproj", "{0DCABC06-1C14-4137-82C5-080F66F0CC3D}"
EndProject
Project("{FAE04EC0-301F-11D3-BF4B-00C04F79EFBC}") = "FoxSky.StocksSystem.Traders", "src\Services\FoxSky.StocksService.Traders\FoxSky.StocksSystem.Traders.csproj", "{5534F5F2-9792-A568-43D6-47CBCA481D54}"
EndProject
Project("{FAE04EC0-301F-11D3-BF4B-00C04F79EFBC}") = "FoxSky.StocksService.Ceo", "src\Services\FoxSky.StocksService.CEO\FoxSky.StocksService.Ceo.csproj", "{31176669-546A-4C3A-05BD-D71DE6DC8C14}"
EndProject
Project("{FAE04EC0-301F-11D3-BF4B-00C04F79EFBC}") = "FoxSky.StocksSystem.Dms", "src\Services\FoxSky.StocksSystem.DMS\FoxSky.StocksSystem.Dms.csproj", "{B4116D2B-8FB9-4A4B-84BA-5FA50C91641F}"
EndProject
Global
	GlobalSection(SolutionConfigurationPlatforms) = preSolution
		Debug|Any CPU = Debug|Any CPU
		Debug|x64 = Debug|x64
		Debug|x86 = Debug|x86
		Release|Any CPU = Release|Any CPU
		Release|x64 = Release|x64
		Release|x86 = Release|x86
	EndGlobalSection
	GlobalSection(ProjectConfigurationPlatforms) = postSolution
		{778B6E02-E5D8-41BC-8DCC-FD5BF30273A8}.Debug|Any CPU.ActiveCfg = Debug|Any CPU
		{778B6E02-E5D8-41BC-8DCC-FD5BF30273A8}.Debug|Any CPU.Build.0 = Debug|Any CPU
		{778B6E02-E5D8-41BC-8DCC-FD5BF30273A8}.Debug|x64.ActiveCfg = Debug|Any CPU
		{778B6E02-E5D8-41BC-8DCC-FD5BF30273A8}.Debug|x64.Build.0 = Debug|Any CPU
		{778B6E02-E5D8-41BC-8DCC-FD5BF30273A8}.Debug|x86.ActiveCfg = Debug|Any CPU
		{778B6E02-E5D8-41BC-8DCC-FD5BF30273A8}.Debug|x86.Build.0 = Debug|Any CPU
		{778B6E02-E5D8-41BC-8DCC-FD5BF30273A8}.Release|Any CPU.ActiveCfg = Release|Any CPU
		{778B6E02-E5D8-41BC-8DCC-FD5BF30273A8}.Release|Any CPU.Build.0 = Release|Any CPU
		{778B6E02-E5D8-41BC-8DCC-FD5BF30273A8}.Release|x64.ActiveCfg = Release|Any CPU
		{778B6E02-E5D8-41BC-8DCC-FD5BF30273A8}.Release|x64.Build.0 = Release|Any CPU
		{778B6E02-E5D8-41BC-8DCC-FD5BF30273A8}.Release|x86.ActiveCfg = Release|Any CPU
		{778B6E02-E5D8-41BC-8DCC-FD5BF30273A8}.Release|x86.Build.0 = Release|Any CPU
		{C18BF55F-3F75-40B7-825D-BF772078D2FE}.Debug|Any CPU.ActiveCfg = Debug|Any CPU
		{C18BF55F-3F75-40B7-825D-BF772078D2FE}.Debug|Any CPU.Build.0 = Debug|Any CPU
		{C18BF55F-3F75-40B7-825D-BF772078D2FE}.Debug|x64.ActiveCfg = Debug|Any CPU
		{C18BF55F-3F75-40B7-825D-BF772078D2FE}.Debug|x64.Build.0 = Debug|Any CPU
		{C18BF55F-3F75-40B7-825D-BF772078D2FE}.Debug|x86.ActiveCfg = Debug|Any CPU
		{C18BF55F-3F75-40B7-825D-BF772078D2FE}.Debug|x86.Build.0 = Debug|Any CPU
		{C18BF55F-3F75-40B7-825D-BF772078D2FE}.Release|Any CPU.ActiveCfg = Release|Any CPU
		{C18BF55F-3F75-40B7-825D-BF772078D2FE}.Release|Any CPU.Build.0 = Release|Any CPU
		{C18BF55F-3F75-40B7-825D-BF772078D2FE}.Release|x64.ActiveCfg = Release|Any CPU
		{C18BF55F-3F75-40B7-825D-BF772078D2FE}.Release|x64.Build.0 = Release|Any CPU
		{C18BF55F-3F75-40B7-825D-BF772078D2FE}.Release|x86.ActiveCfg = Release|Any CPU
		{C18BF55F-3F75-40B7-825D-BF772078D2FE}.Release|x86.Build.0 = Release|Any CPU
		{8A5C10AA-5950-4C8E-A067-E30D0C42FDD7}.Debug|Any CPU.ActiveCfg = Debug|Any CPU
		{8A5C10AA-5950-4C8E-A067-E30D0C42FDD7}.Debug|Any CPU.Build.0 = Debug|Any CPU
		{8A5C10AA-5950-4C8E-A067-E30D0C42FDD7}.Debug|x64.ActiveCfg = Debug|Any CPU
		{8A5C10AA-5950-4C8E-A067-E30D0C42FDD7}.Debug|x64.Build.0 = Debug|Any CPU
		{8A5C10AA-5950-4C8E-A067-E30D0C42FDD7}.Debug|x86.ActiveCfg = Debug|Any CPU
		{8A5C10AA-5950-4C8E-A067-E30D0C42FDD7}.Debug|x86.Build.0 = Debug|Any CPU
		{8A5C10AA-5950-4C8E-A067-E30D0C42FDD7}.Release|Any CPU.ActiveCfg = Release|Any CPU
		{8A5C10AA-5950-4C8E-A067-E30D0C42FDD7}.Release|Any CPU.Build.0 = Release|Any CPU
		{8A5C10AA-5950-4C8E-A067-E30D0C42FDD7}.Release|x64.ActiveCfg = Release|Any CPU
		{8A5C10AA-5950-4C8E-A067-E30D0C42FDD7}.Release|x64.Build.0 = Release|Any CPU
		{8A5C10AA-5950-4C8E-A067-E30D0C42FDD7}.Release|x86.ActiveCfg = Release|Any CPU
		{8A5C10AA-5950-4C8E-A067-E30D0C42FDD7}.Release|x86.Build.0 = Release|Any CPU
		{0DCABC06-1C14-4137-82C5-080F66F0CC3D}.Debug|Any CPU.ActiveCfg = Debug|Any CPU
		{0DCABC06-1C14-4137-82C5-080F66F0CC3D}.Debug|Any CPU.Build.0 = Debug|Any CPU
		{0DCABC06-1C14-4137-82C5-080F66F0CC3D}.Debug|x64.ActiveCfg = Debug|Any CPU
		{0DCABC06-1C14-4137-82C5-080F66F0CC3D}.Debug|x64.Build.0 = Debug|Any CPU
		{0DCABC06-1C14-4137-82C5-080F66F0CC3D}.Debug|x86.ActiveCfg = Debug|Any CPU
		{0DCABC06-1C14-4137-82C5-080F66F0CC3D}.Debug|x86.Build.0 = Debug|Any CPU
		{0DCABC06-1C14-4137-82C5-080F66F0CC3D}.Release|Any CPU.ActiveCfg = Release|Any CPU
		{0DCABC06-1C14-4137-82C5-080F66F0CC3D}.Release|Any CPU.Build.0 = Release|Any CPU
		{0DCABC06-1C14-4137-82C5-080F66F0CC3D}.Release|x64.ActiveCfg = Release|Any CPU
		{0DCABC06-1C14-4137-82C5-080F66F0CC3D}.Release|x64.Build.0 = Release|Any CPU
		{0DCABC06-1C14-4137-82C5-080F66F0CC3D}.Release|x86.ActiveCfg = Release|Any CPU
		{0DCABC06-1C14-4137-82C5-080F66F0CC3D}.Release|x86.Build.0 = Release|Any CPU
		{5534F5F2-9792-A568-43D6-47CBCA481D54}.Debug|Any CPU.ActiveCfg = Debug|Any CPU
		{5534F5F2-9792-A568-43D6-47CBCA481D54}.Debug|Any CPU.Build.0 = Debug|Any CPU
		{5534F5F2-9792-A568-43D6-47CBCA481D54}.Debug|x64.ActiveCfg = Debug|Any CPU
		{5534F5F2-9792-A568-43D6-47CBCA481D54}.Debug|x64.Build.0 = Debug|Any CPU
		{5534F5F2-9792-A568-43D6-47CBCA481D54}.Debug|x86.ActiveCfg = Debug|Any CPU
		{5534F5F2-9792-A568-43D6-47CBCA481D54}.Debug|x86.Build.0 = Debug|Any CPU
		{5534F5F2-9792-A568-43D6-47CBCA481D54}.Release|Any CPU.ActiveCfg = Release|Any CPU
		{5534F5F2-9792-A568-43D6-47CBCA481D54}.Release|Any CPU.Build.0 = Release|Any CPU
		{5534F5F2-9792-A568-43D6-47CBCA481D54}.Release|x64.ActiveCfg = Release|Any CPU
		{5534F5F2-9792-A568-43D6-47CBCA481D54}.Release|x64.Build.0 = Release|Any CPU
		{5534F5F2-9792-A568-43D6-47CBCA481D54}.Release|x86.ActiveCfg = Release|Any CPU
		{5534F5F2-9792-A568-43D6-47CBCA481D54}.Release|x86.Build.0 = Release|Any CPU
		{31176669-546A-4C3A-05BD-D71DE6DC8C14}.Debug|Any CPU.ActiveCfg = Debug|Any CPU
		{31176669-546A-4C3A-05BD-D71DE6DC8C14}.Debug|Any CPU.Build.0 = Debug|Any CPU
		{31176669-546A-4C3A-05BD-D71DE6DC8C14}.Debug|x64.ActiveCfg = Debug|Any CPU
		{31176669-546A-4C3A-05BD-D71DE6DC8C14}.Debug|x64.Build.0 = Debug|Any CPU
		{31176669-546A-4C3A-05BD-D71DE6DC8C14}.Debug|x86.ActiveCfg = Debug|Any CPU
		{31176669-546A-4C3A-05BD-D71DE6DC8C14}.Debug|x86.Build.0 = Debug|Any CPU
		{31176669-546A-4C3A-05BD-D71DE6DC8C14}.Release|Any CPU.ActiveCfg = Release|Any CPU
		{31176669-546A-4C3A-05BD-D71DE6DC8C14}.Release|Any CPU.Build.0 = Release|Any CPU
		{31176669-546A-4C3A-05BD-D71DE6DC8C14}.Release|x64.ActiveCfg = Release|Any CPU
		{31176669-546A-4C3A-05BD-D71DE6DC8C14}.Release|x64.Build.0 = Release|Any CPU
		{31176669-546A-4C3A-05BD-D71DE6DC8C14}.Release|x86.ActiveCfg = Release|Any CPU
		{31176669-546A-4C3A-05BD-D71DE6DC8C14}.Release|x86.Build.0 = Release|Any CPU
		{B4116D2B-8FB9-4A4B-84BA-5FA50C91641F}.Debug|Any CPU.ActiveCfg = Debug|Any CPU
		{B4116D2B-8FB9-4A4B-84BA-5FA50C91641F}.Debug|Any CPU.Build.0 = Debug|Any CPU
		{B4116D2B-8FB9-4A4B-84BA-5FA50C91641F}.Debug|x64.ActiveCfg = Debug|Any CPU
		{B4116D2B-8FB9-4A4B-84BA-5FA50C91641F}.Debug|x64.Build.0 = Debug|Any CPU
		{B4116D2B-8FB9-4A4B-84BA-5FA50C91641F}.Debug|x86.ActiveCfg = Debug|Any CPU
		{B4116D2B-8FB9-4A4B-84BA-5FA50C91641F}.Debug|x86.Build.0 = Debug|Any CPU
		{B4116D2B-8FB9-4A4B-84BA-5FA50C91641F}.Release|Any CPU.ActiveCfg = Release|Any CPU
		{B4116D2B-8FB9-4A4B-84BA-5FA50C91641F}.Release|Any CPU.Build.0 = Release|Any CPU
		{B4116D2B-8FB9-4A4B-84BA-5FA50C91641F}.Release|x64.ActiveCfg = Release|Any CPU
		{B4116D2B-8FB9-4A4B-84BA-5FA50C91641F}.Release|x64.Build.0 = Release|Any CPU
		{B4116D2B-8FB9-4A4B-84BA-5FA50C91641F}.Release|x86.ActiveCfg = Release|Any CPU
		{B4116D2B-8FB9-4A4B-84BA-5FA50C91641F}.Release|x86.Build.0 = Release|Any CPU
	EndGlobalSection
	GlobalSection(SolutionProperties) = preSolution
		HideSolutionNode = FALSE
	EndGlobalSection
	GlobalSection(NestedProjects) = preSolution
		{984BB9B3-3FA3-BE33-9484-CAC21695A33C} = {827E0CD3-B72D-47B6-A68D-7590B98EB39B}
		{778B6E02-E5D8-41BC-8DCC-FD5BF30273A8} = {984BB9B3-3FA3-BE33-9484-CAC21695A33C}
		{C8E42992-5E42-0C2B-DBFE-AA848D06431C} = {827E0CD3-B72D-47B6-A68D-7590B98EB39B}
		{C18BF55F-3F75-40B7-825D-BF772078D2FE} = {984BB9B3-3FA3-BE33-9484-CAC21695A33C}
		{8A5C10AA-5950-4C8E-A067-E30D0C42FDD7} = {C8E42992-5E42-0C2B-DBFE-AA848D06431C}
		{0DCABC06-1C14-4137-82C5-080F66F0CC3D} = {984BB9B3-3FA3-BE33-9484-CAC21695A33C}
		{5534F5F2-9792-A568-43D6-47CBCA481D54} = {984BB9B3-3FA3-BE33-9484-CAC21695A33C}
		{31176669-546A-4C3A-05BD-D71DE6DC8C14} = {984BB9B3-3FA3-BE33-9484-CAC21695A33C}
		{B4116D2B-8FB9-4A4B-84BA-5FA50C91641F} = {984BB9B3-3FA3-BE33-9484-CAC21695A33C}
	EndGlobalSection
	GlobalSection(ExtensibilityGlobals) = postSolution
		SolutionGuid = {8E44A82E-1C1E-4EAA-B7A4-E299AD26C4D1}
	EndGlobalSection
EndGlobal
